
Microsoft Visual Studio Solution File, Format Version 12.00
# Visual Studio 15
VisualStudioVersion = 15.0.28010.2046
MinimumVisualStudioVersion = 10.0.40219.1
Project("{8BC9CEB8-8B4A-11D0-8D11-00A0C91BC942}") = "Ships", "Ships\Ships.vcxproj", "{78D71871-1042-42B5-96AB-130BD0163174}"
EndProject
Global
	GlobalSection(SolutionConfigurationPlatforms) = preSolution
		Debug|x64 = Debug|x64
		Debug|x86 = Debug|x86
		Release|x64 = Release|x64
		Release|x86 = Release|x86
	EndGlobalSection
	GlobalSection(ProjectConfigurationPlatforms) = postSolution
		{78D71871-1042-42B5-96AB-130BD0163174}.Debug|x64.ActiveCfg = Debug|x64
		{78D71871-1042-42B5-96AB-130BD0163174}.Debug|x64.Build.0 = Debug|x64
		{78D71871-1042-42B5-96AB-130BD0163174}.Debug|x86.ActiveCfg = Debug|Win32
		{78D71871-1042-42B5-96AB-130BD0163174}.Debug|x86.Build.0 = Debug|Win32
		{78D71871-1042-42B5-96AB-130BD0163174}.Release|x64.ActiveCfg = Release|x64
		{78D71871-1042-42B5-96AB-130BD0163174}.Release|x64.Build.0 = Release|x64
		{78D71871-1042-42B5-96AB-130BD0163174}.Release|x86.ActiveCfg = Release|Win32
		{78D71871-1042-42B5-96AB-130BD0163174}.Release|x86.Build.0 = Release|Win32
	EndGlobalSection
	GlobalSection(SolutionProperties) = preSolution
		HideSolutionNode = FALSE
	EndGlobalSection
	GlobalSection(ExtensibilityGlobals) = postSolution
		SolutionGuid = {D7B1950B-8B73-44EF-AB13-6B715870DCE6}
	EndGlobalSection
EndGlobal
